// !$*UTF8*$!
{
	archiveVersion = 1;
	classes = {
	};
	objectVersion = 46;
	objects = {

/* Begin PBXBuildFile section */
		005BE7D5DB224FF492CFB0E6 /* libPods.a in Frameworks */ = {isa = PBXBuildFile; fileRef = AD65F1EEB6DA4E6ABB00EAF1 /* libPods.a */; };
		38B607C0183466D4009C4941 /* CollectionHeadView.m in Sources */ = {isa = PBXBuildFile; fileRef = 38B607BF183466D4009C4941 /* CollectionHeadView.m */; };
		38B607C2183475BF009C4941 /* CoreText.framework in Frameworks */ = {isa = PBXBuildFile; fileRef = 38B607C1183475BF009C4941 /* CoreText.framework */; };
		38B607D21834C65C009C4941 /* HomeController.m in Sources */ = {isa = PBXBuildFile; fileRef = 38B607D11834C65C009C4941 /* HomeController.m */; };
		38E64E0D1833282B00950AC2 /* Foundation.framework in Frameworks */ = {isa = PBXBuildFile; fileRef = 38E64E0C1833282B00950AC2 /* Foundation.framework */; };
		38E64E0F1833282B00950AC2 /* CoreGraphics.framework in Frameworks */ = {isa = PBXBuildFile; fileRef = 38E64E0E1833282B00950AC2 /* CoreGraphics.framework */; };
		38E64E111833282B00950AC2 /* UIKit.framework in Frameworks */ = {isa = PBXBuildFile; fileRef = 38E64E101833282B00950AC2 /* UIKit.framework */; };
		38E64E131833282B00950AC2 /* CoreData.framework in Frameworks */ = {isa = PBXBuildFile; fileRef = 38E64E121833282B00950AC2 /* CoreData.framework */; };
		38E64E191833282B00950AC2 /* InfoPlist.strings in Resources */ = {isa = PBXBuildFile; fileRef = 38E64E171833282B00950AC2 /* InfoPlist.strings */; };
		38E64E1B1833282B00950AC2 /* main.m in Sources */ = {isa = PBXBuildFile; fileRef = 38E64E1A1833282B00950AC2 /* main.m */; };
		38E64E1F1833282B00950AC2 /* AppDelegate.m in Sources */ = {isa = PBXBuildFile; fileRef = 38E64E1E1833282B00950AC2 /* AppDelegate.m */; };
		38E64E221833282B00950AC2 /* Healthy.xcdatamodeld in Sources */ = {isa = PBXBuildFile; fileRef = 38E64E201833282B00950AC2 /* Healthy.xcdatamodeld */; };
		38E64E241833282B00950AC2 /* Images.xcassets in Resources */ = {isa = PBXBuildFile; fileRef = 38E64E231833282B00950AC2 /* Images.xcassets */; };
		38E64E2B1833282B00950AC2 /* XCTest.framework in Frameworks */ = {isa = PBXBuildFile; fileRef = 38E64E2A1833282B00950AC2 /* XCTest.framework */; };
		38E64E2C1833282B00950AC2 /* Foundation.framework in Frameworks */ = {isa = PBXBuildFile; fileRef = 38E64E0C1833282B00950AC2 /* Foundation.framework */; };
		38E64E2D1833282B00950AC2 /* UIKit.framework in Frameworks */ = {isa = PBXBuildFile; fileRef = 38E64E101833282B00950AC2 /* UIKit.framework */; };
		38E64E2E1833282B00950AC2 /* CoreData.framework in Frameworks */ = {isa = PBXBuildFile; fileRef = 38E64E121833282B00950AC2 /* CoreData.framework */; };
		38E64E361833282B00950AC2 /* InfoPlist.strings in Resources */ = {isa = PBXBuildFile; fileRef = 38E64E341833282B00950AC2 /* InfoPlist.strings */; };
		38E64E381833282B00950AC2 /* HealthyTests.m in Sources */ = {isa = PBXBuildFile; fileRef = 38E64E371833282B00950AC2 /* HealthyTests.m */; };
/* End PBXBuildFile section */

/* Begin PBXContainerItemProxy section */
		38E64E2F1833282B00950AC2 /* PBXContainerItemProxy */ = {
			isa = PBXContainerItemProxy;
			containerPortal = 38E64E011833282B00950AC2 /* Project object */;
			proxyType = 1;
			remoteGlobalIDString = 38E64E081833282B00950AC2;
			remoteInfo = Healthy;
		};
/* End PBXContainerItemProxy section */

/* Begin PBXFileReference section */
		38B607BE183466D4009C4941 /* CollectionHeadView.h */ = {isa = PBXFileReference; fileEncoding = 4; lastKnownFileType = sourcecode.c.h; path = CollectionHeadView.h; sourceTree = "<group>"; };
		38B607BF183466D4009C4941 /* CollectionHeadView.m */ = {isa = PBXFileReference; fileEncoding = 4; lastKnownFileType = sourcecode.c.objc; path = CollectionHeadView.m; sourceTree = "<group>"; };
		38B607C1183475BF009C4941 /* CoreText.framework */ = {isa = PBXFileReference; lastKnownFileType = wrapper.framework; name = CoreText.framework; path = System/Library/Frameworks/CoreText.framework; sourceTree = SDKROOT; };
		38B607D01834C65C009C4941 /* HomeController.h */ = {isa = PBXFileReference; fileEncoding = 4; lastKnownFileType = sourcecode.c.h; path = HomeController.h; sourceTree = "<group>"; };
		38B607D11834C65C009C4941 /* HomeController.m */ = {isa = PBXFileReference; fileEncoding = 4; lastKnownFileType = sourcecode.c.objc; path = HomeController.m; sourceTree = "<group>"; };
		38E64E091833282B00950AC2 /* Healthy.app */ = {isa = PBXFileReference; explicitFileType = wrapper.application; includeInIndex = 0; path = Healthy.app; sourceTree = BUILT_PRODUCTS_DIR; };
		38E64E0C1833282B00950AC2 /* Foundation.framework */ = {isa = PBXFileReference; lastKnownFileType = wrapper.framework; name = Foundation.framework; path = System/Library/Frameworks/Foundation.framework; sourceTree = SDKROOT; };
		38E64E0E1833282B00950AC2 /* CoreGraphics.framework */ = {isa = PBXFileReference; lastKnownFileType = wrapper.framework; name = CoreGraphics.framework; path = System/Library/Frameworks/CoreGraphics.framework; sourceTree = SDKROOT; };
		38E64E101833282B00950AC2 /* UIKit.framework */ = {isa = PBXFileReference; lastKnownFileType = wrapper.framework; name = UIKit.framework; path = System/Library/Frameworks/UIKit.framework; sourceTree = SDKROOT; };
		38E64E121833282B00950AC2 /* CoreData.framework */ = {isa = PBXFileReference; lastKnownFileType = wrapper.framework; name = CoreData.framework; path = System/Library/Frameworks/CoreData.framework; sourceTree = SDKROOT; };
		38E64E161833282B00950AC2 /* Healthy-Info.plist */ = {isa = PBXFileReference; lastKnownFileType = text.plist.xml; path = "Healthy-Info.plist"; sourceTree = "<group>"; };
		38E64E181833282B00950AC2 /* en */ = {isa = PBXFileReference; lastKnownFileType = text.plist.strings; name = en; path = en.lproj/InfoPlist.strings; sourceTree = "<group>"; };
		38E64E1A1833282B00950AC2 /* main.m */ = {isa = PBXFileReference; lastKnownFileType = sourcecode.c.objc; path = main.m; sourceTree = "<group>"; };
		38E64E1C1833282B00950AC2 /* Healthy-Prefix.pch */ = {isa = PBXFileReference; lastKnownFileType = sourcecode.c.h; path = "Healthy-Prefix.pch"; sourceTree = "<group>"; };
		38E64E1D1833282B00950AC2 /* AppDelegate.h */ = {isa = PBXFileReference; lastKnownFileType = sourcecode.c.h; path = AppDelegate.h; sourceTree = "<group>"; };
		38E64E1E1833282B00950AC2 /* AppDelegate.m */ = {isa = PBXFileReference; lastKnownFileType = sourcecode.c.objc; path = AppDelegate.m; sourceTree = "<group>"; };
		38E64E211833282B00950AC2 /* Healthy.xcdatamodel */ = {isa = PBXFileReference; lastKnownFileType = wrapper.xcdatamodel; path = Healthy.xcdatamodel; sourceTree = "<group>"; };
		38E64E231833282B00950AC2 /* Images.xcassets */ = {isa = PBXFileReference; lastKnownFileType = folder.assetcatalog; path = Images.xcassets; sourceTree = "<group>"; };
		38E64E291833282B00950AC2 /* HealthyTests.xctest */ = {isa = PBXFileReference; explicitFileType = wrapper.cfbundle; includeInIndex = 0; path = HealthyTests.xctest; sourceTree = BUILT_PRODUCTS_DIR; };
		38E64E2A1833282B00950AC2 /* XCTest.framework */ = {isa = PBXFileReference; lastKnownFileType = wrapper.framework; name = XCTest.framework; path = Library/Frameworks/XCTest.framework; sourceTree = DEVELOPER_DIR; };
		38E64E331833282B00950AC2 /* HealthyTests-Info.plist */ = {isa = PBXFileReference; lastKnownFileType = text.plist.xml; path = "HealthyTests-Info.plist"; sourceTree = "<group>"; };
		38E64E351833282B00950AC2 /* en */ = {isa = PBXFileReference; lastKnownFileType = text.plist.strings; name = en; path = en.lproj/InfoPlist.strings; sourceTree = "<group>"; };
		38E64E371833282B00950AC2 /* HealthyTests.m */ = {isa = PBXFileReference; lastKnownFileType = sourcecode.c.objc; path = HealthyTests.m; sourceTree = "<group>"; };
		7727F2A79606462E91A7DAA6 /* Pods.xcconfig */ = {isa = PBXFileReference; includeInIndex = 1; lastKnownFileType = text.xcconfig; name = Pods.xcconfig; path = Pods/Pods.xcconfig; sourceTree = "<group>"; };
		AD65F1EEB6DA4E6ABB00EAF1 /* libPods.a */ = {isa = PBXFileReference; explicitFileType = archive.ar; includeInIndex = 0; path = libPods.a; sourceTree = BUILT_PRODUCTS_DIR; };
/* End PBXFileReference section */

/* Begin PBXFrameworksBuildPhase section */
		38E64E061833282B00950AC2 /* Frameworks */ = {
			isa = PBXFrameworksBuildPhase;
			buildActionMask = 2147483647;
			files = (
				38B607C2183475BF009C4941 /* CoreText.framework in Frameworks */,
				38E64E0F1833282B00950AC2 /* CoreGraphics.framework in Frameworks */,
				38E64E131833282B00950AC2 /* CoreData.framework in Frameworks */,
				38E64E111833282B00950AC2 /* UIKit.framework in Frameworks */,
				38E64E0D1833282B00950AC2 /* Foundation.framework in Frameworks */,
				005BE7D5DB224FF492CFB0E6 /* libPods.a in Frameworks */,
			);
			runOnlyForDeploymentPostprocessing = 0;
		};
		38E64E261833282B00950AC2 /* Frameworks */ = {
			isa = PBXFrameworksBuildPhase;
			buildActionMask = 2147483647;
			files = (
				38E64E2B1833282B00950AC2 /* XCTest.framework in Frameworks */,
				38E64E2E1833282B00950AC2 /* CoreData.framework in Frameworks */,
				38E64E2D1833282B00950AC2 /* UIKit.framework in Frameworks */,
				38E64E2C1833282B00950AC2 /* Foundation.framework in Frameworks */,
			);
			runOnlyForDeploymentPostprocessing = 0;
		};
/* End PBXFrameworksBuildPhase section */

/* Begin PBXGroup section */
		38E64E001833282B00950AC2 = {
			isa = PBXGroup;
			children = (
				38E64E141833282B00950AC2 /* Healthy */,
				38E64E311833282B00950AC2 /* HealthyTests */,
				38E64E0B1833282B00950AC2 /* Frameworks */,
				38E64E0A1833282B00950AC2 /* Products */,
				7727F2A79606462E91A7DAA6 /* Pods.xcconfig */,
			);
			sourceTree = "<group>";
		};
		38E64E0A1833282B00950AC2 /* Products */ = {
			isa = PBXGroup;
			children = (
				38E64E091833282B00950AC2 /* Healthy.app */,
				38E64E291833282B00950AC2 /* HealthyTests.xctest */,
			);
			name = Products;
			sourceTree = "<group>";
		};
		38E64E0B1833282B00950AC2 /* Frameworks */ = {
			isa = PBXGroup;
			children = (
				38B607C1183475BF009C4941 /* CoreText.framework */,
				38E64E0C1833282B00950AC2 /* Foundation.framework */,
				38E64E0E1833282B00950AC2 /* CoreGraphics.framework */,
				38E64E101833282B00950AC2 /* UIKit.framework */,
				38E64E121833282B00950AC2 /* CoreData.framework */,
				38E64E2A1833282B00950AC2 /* XCTest.framework */,
				AD65F1EEB6DA4E6ABB00EAF1 /* libPods.a */,
			);
			name = Frameworks;
			sourceTree = "<group>";
		};
		38E64E141833282B00950AC2 /* Healthy */ = {
			isa = PBXGroup;
			children = (
				38E64E1D1833282B00950AC2 /* AppDelegate.h */,
				38E64E1E1833282B00950AC2 /* AppDelegate.m */,
				38B607D01834C65C009C4941 /* HomeController.h */,
				38B607D11834C65C009C4941 /* HomeController.m */,
				38B607BE183466D4009C4941 /* CollectionHeadView.h */,
				38B607BF183466D4009C4941 /* CollectionHeadView.m */,
				38E64E231833282B00950AC2 /* Images.xcassets */,
				38E64E201833282B00950AC2 /* Healthy.xcdatamodeld */,
				38E64E151833282B00950AC2 /* Supporting Files */,
			);
			path = Healthy;
			sourceTree = "<group>";
		};
		38E64E151833282B00950AC2 /* Supporting Files */ = {
			isa = PBXGroup;
			children = (
				38E64E161833282B00950AC2 /* Healthy-Info.plist */,
				38E64E171833282B00950AC2 /* InfoPlist.strings */,
				38E64E1A1833282B00950AC2 /* main.m */,
				38E64E1C1833282B00950AC2 /* Healthy-Prefix.pch */,
			);
			name = "Supporting Files";
			sourceTree = "<group>";
		};
		38E64E311833282B00950AC2 /* HealthyTests */ = {
			isa = PBXGroup;
			children = (
				38E64E371833282B00950AC2 /* HealthyTests.m */,
				38E64E321833282B00950AC2 /* Supporting Files */,
			);
			path = HealthyTests;
			sourceTree = "<group>";
		};
		38E64E321833282B00950AC2 /* Supporting Files */ = {
			isa = PBXGroup;
			children = (
				38E64E331833282B00950AC2 /* HealthyTests-Info.plist */,
				38E64E341833282B00950AC2 /* InfoPlist.strings */,
			);
			name = "Supporting Files";
			sourceTree = "<group>";
		};
/* End PBXGroup section */

/* Begin PBXNativeTarget section */
		38E64E081833282B00950AC2 /* Healthy */ = {
			isa = PBXNativeTarget;
			buildConfigurationList = 38E64E3B1833282B00950AC2 /* Build configuration list for PBXNativeTarget "Healthy" */;
			buildPhases = (
				03413B5BB85A45F3B0E36809 /* Check Pods Manifest.lock */,
				38E64E051833282B00950AC2 /* Sources */,
				38E64E061833282B00950AC2 /* Frameworks */,
				38E64E071833282B00950AC2 /* Resources */,
				B75ED1C649864A22968B35F6 /* Copy Pods Resources */,
			);
			buildRules = (
			);
			dependencies = (
			);
			name = Healthy;
			productName = Healthy;
			productReference = 38E64E091833282B00950AC2 /* Healthy.app */;
			productType = "com.apple.product-type.application";
		};
		38E64E281833282B00950AC2 /* HealthyTests */ = {
			isa = PBXNativeTarget;
			buildConfigurationList = 38E64E3E1833282B00950AC2 /* Build configuration list for PBXNativeTarget "HealthyTests" */;
			buildPhases = (
				38E64E251833282B00950AC2 /* Sources */,
				38E64E261833282B00950AC2 /* Frameworks */,
				38E64E271833282B00950AC2 /* Resources */,
			);
			buildRules = (
			);
			dependencies = (
				38E64E301833282B00950AC2 /* PBXTargetDependency */,
			);
			name = HealthyTests;
			productName = HealthyTests;
			productReference = 38E64E291833282B00950AC2 /* HealthyTests.xctest */;
			productType = "com.apple.product-type.bundle.unit-test";
		};
/* End PBXNativeTarget section */

/* Begin PBXProject section */
		38E64E011833282B00950AC2 /* Project object */ = {
			isa = PBXProject;
			attributes = {
				LastUpgradeCheck = 0500;
				ORGANIZATIONNAME = JKYD;
				TargetAttributes = {
					38E64E281833282B00950AC2 = {
						TestTargetID = 38E64E081833282B00950AC2;
					};
				};
			};
			buildConfigurationList = 38E64E041833282B00950AC2 /* Build configuration list for PBXProject "Healthy" */;
			compatibilityVersion = "Xcode 3.2";
			developmentRegion = English;
			hasScannedForEncodings = 0;
			knownRegions = (
				en,
			);
			mainGroup = 38E64E001833282B00950AC2;
			productRefGroup = 38E64E0A1833282B00950AC2 /* Products */;
			projectDirPath = "";
			projectRoot = "";
			targets = (
				38E64E081833282B00950AC2 /* Healthy */,
				38E64E281833282B00950AC2 /* HealthyTests */,
			);
		};
/* End PBXProject section */

/* Begin PBXResourcesBuildPhase section */
		38E64E071833282B00950AC2 /* Resources */ = {
			isa = PBXResourcesBuildPhase;
			buildActionMask = 2147483647;
			files = (
				38E64E191833282B00950AC2 /* InfoPlist.strings in Resources */,
				38E64E241833282B00950AC2 /* Images.xcassets in Resources */,
			);
			runOnlyForDeploymentPostprocessing = 0;
		};
		38E64E271833282B00950AC2 /* Resources */ = {
			isa = PBXResourcesBuildPhase;
			buildActionMask = 2147483647;
			files = (
				38E64E361833282B00950AC2 /* InfoPlist.strings in Resources */,
			);
			runOnlyForDeploymentPostprocessing = 0;
		};
/* End PBXResourcesBuildPhase section */

/* Begin PBXShellScriptBuildPhase section */
		03413B5BB85A45F3B0E36809 /* Check Pods Manifest.lock */ = {
			isa = PBXShellScriptBuildPhase;
			buildActionMask = 2147483647;
			files = (
			);
			inputPaths = (
			);
			name = "Check Pods Manifest.lock";
			outputPaths = (
			);
			runOnlyForDeploymentPostprocessing = 0;
			shellPath = /bin/sh;
			shellScript = "diff \"${PODS_ROOT}/../Podfile.lock\" \"${PODS_ROOT}/Manifest.lock\" > /dev/null\nif [[ $? != 0 ]] ; then\n    cat << EOM\nerror: The sandbox is not in sync with the Podfile.lock. Run 'pod install' or update your CocoaPods installation.\nEOM\n    exit 1\nfi\n";
			showEnvVarsInLog = 0;
		};
		B75ED1C649864A22968B35F6 /* Copy Pods Resources */ = {
			isa = PBXShellScriptBuildPhase;
			buildActionMask = 2147483647;
			files = (
			);
			inputPaths = (
			);
			name = "Copy Pods Resources";
			outputPaths = (
			);
			runOnlyForDeploymentPostprocessing = 0;
			shellPath = /bin/sh;
			shellScript = "\"${SRCROOT}/Pods/Pods-resources.sh\"\n";
			showEnvVarsInLog = 0;
		};
/* End PBXShellScriptBuildPhase section */

/* Begin PBXSourcesBuildPhase section */
		38E64E051833282B00950AC2 /* Sources */ = {
			isa = PBXSourcesBuildPhase;
			buildActionMask = 2147483647;
			files = (
				38E64E1F1833282B00950AC2 /* AppDelegate.m in Sources */,
				38B607C0183466D4009C4941 /* CollectionHeadView.m in Sources */,
				38E64E221833282B00950AC2 /* Healthy.xcdatamodeld in Sources */,
				38B607D21834C65C009C4941 /* HomeController.m in Sources */,
				38E64E1B1833282B00950AC2 /* main.m in Sources */,
			);
			runOnlyForDeploymentPostprocessing = 0;
		};
		38E64E251833282B00950AC2 /* Sources */ = {
			isa = PBXSourcesBuildPhase;
			buildActionMask = 2147483647;
			files = (
				38E64E381833282B00950AC2 /* HealthyTests.m in Sources */,
			);
			runOnlyForDeploymentPostprocessing = 0;
		};
/* End PBXSourcesBuildPhase section */

/* Begin PBXTargetDependency section */
		38E64E301833282B00950AC2 /* PBXTargetDependency */ = {
			isa = PBXTargetDependency;
			target = 38E64E081833282B00950AC2 /* Healthy */;
			targetProxy = 38E64E2F1833282B00950AC2 /* PBXContainerItemProxy */;
		};
/* End PBXTargetDependency section */

/* Begin PBXVariantGroup section */
		38E64E171833282B00950AC2 /* InfoPlist.strings */ = {
			isa = PBXVariantGroup;
			children = (
				38E64E181833282B00950AC2 /* en */,
			);
			name = InfoPlist.strings;
			sourceTree = "<group>";
		};
		38E64E341833282B00950AC2 /* InfoPlist.strings */ = {
			isa = PBXVariantGroup;
			children = (
				38E64E351833282B00950AC2 /* en */,
			);
			name = InfoPlist.strings;
			sourceTree = "<group>";
		};
/* End PBXVariantGroup section */

/* Begin XCBuildConfiguration section */
		38E64E391833282B00950AC2 /* Debug */ = {
			isa = XCBuildConfiguration;
			buildSettings = {
				ALWAYS_SEARCH_USER_PATHS = NO;
				ARCHS = "$(ARCHS_STANDARD_INCLUDING_64_BIT)";
				CLANG_CXX_LANGUAGE_STANDARD = "gnu++0x";
				CLANG_CXX_LIBRARY = "libc++";
				CLANG_ENABLE_MODULES = YES;
				CLANG_ENABLE_OBJC_ARC = YES;
				CLANG_WARN_BOOL_CONVERSION = YES;
				CLANG_WARN_CONSTANT_CONVERSION = YES;
				CLANG_WARN_DIRECT_OBJC_ISA_USAGE = YES_ERROR;
				CLANG_WARN_EMPTY_BODY = YES;
				CLANG_WARN_ENUM_CONVERSION = YES;
				CLANG_WARN_INT_CONVERSION = YES;
				CLANG_WARN_OBJC_ROOT_CLASS = YES_ERROR;
				CLANG_WARN__DUPLICATE_METHOD_MATCH = YES;
				"CODE_SIGN_IDENTITY[sdk=iphoneos*]" = "iPhone Developer";
				COPY_PHASE_STRIP = NO;
				GCC_C_LANGUAGE_STANDARD = gnu99;
				GCC_DYNAMIC_NO_PIC = NO;
				GCC_OPTIMIZATION_LEVEL = 0;
				GCC_PREPROCESSOR_DEFINITIONS = (
					"DEBUG=1",
					"$(inherited)",
				);
				GCC_SYMBOLS_PRIVATE_EXTERN = NO;
				GCC_WARN_64_TO_32_BIT_CONVERSION = YES;
				GCC_WARN_ABOUT_RETURN_TYPE = YES_ERROR;
				GCC_WARN_UNDECLARED_SELECTOR = YES;
				GCC_WARN_UNINITIALIZED_AUTOS = YES;
				GCC_WARN_UNUSED_FUNCTION = YES;
				GCC_WARN_UNUSED_VARIABLE = YES;
				IPHONEOS_DEPLOYMENT_TARGET = 7.0;
				ONLY_ACTIVE_ARCH = YES;
				SDKROOT = iphoneos;
			};
			name = Debug;
		};
		38E64E3A1833282B00950AC2 /* Release */ = {
			isa = XCBuildConfiguration;
			buildSettings = {
				ALWAYS_SEARCH_USER_PATHS = NO;
				ARCHS = "$(ARCHS_STANDARD_INCLUDING_64_BIT)";
				CLANG_CXX_LANGUAGE_STANDARD = "gnu++0x";
				CLANG_CXX_LIBRARY = "libc++";
				CLANG_ENABLE_MODULES = YES;
				CLANG_ENABLE_OBJC_ARC = YES;
				CLANG_WARN_BOOL_CONVERSION = YES;
				CLANG_WARN_CONSTANT_CONVERSION = YES;
				CLANG_WARN_DIRECT_OBJC_ISA_USAGE = YES_ERROR;
				CLANG_WARN_EMPTY_BODY = YES;
				CLANG_WARN_ENUM_CONVERSION = YES;
				CLANG_WARN_INT_CONVERSION = YES;
				CLANG_WARN_OBJC_ROOT_CLASS = YES_ERROR;
				CLANG_WARN__DUPLICATE_METHOD_MATCH = YES;
				"CODE_SIGN_IDENTITY[sdk=iphoneos*]" = "iPhone Developer";
				COPY_PHASE_STRIP = YES;
				ENABLE_NS_ASSERTIONS = NO;
				GCC_C_LANGUAGE_STANDARD = gnu99;
				GCC_WARN_64_TO_32_BIT_CONVERSION = YES;
				GCC_WARN_ABOUT_RETURN_TYPE = YES_ERROR;
				GCC_WARN_UNDECLARED_SELECTOR = YES;
				GCC_WARN_UNINITIALIZED_AUTOS = YES;
				GCC_WARN_UNUSED_FUNCTION = YES;
				GCC_WARN_UNUSED_VARIABLE = YES;
				IPHONEOS_DEPLOYMENT_TARGET = 7.0;
				SDKROOT = iphoneos;
				VALIDATE_PRODUCT = YES;
			};
			name = Release;
		};
		38E64E3C1833282B00950AC2 /* Debug */ = {
			isa = XCBuildConfiguration;
			baseConfigurationReference = 7727F2A79606462E91A7DAA6 /* Pods.xcconfig */;
			buildSettings = {
				ASSETCATALOG_COMPILER_APPICON_NAME = AppIcon;
				ASSETCATALOG_COMPILER_LAUNCHIMAGE_NAME = LaunchImage;
				GCC_PRECOMPILE_PREFIX_HEADER = YES;
				GCC_PREFIX_HEADER = "Healthy/Healthy-Prefix.pch";
				INFOPLIST_FILE = "Healthy/Healthy-Info.plist";
				IPHONEOS_DEPLOYMENT_TARGET = 6.0;
				PRODUCT_NAME = "$(TARGET_NAME)";
				WRAPPER_EXTENSION = app;
			};
			name = Debug;
		};
		38E64E3D1833282B00950AC2 /* Release */ = {
			isa = XCBuildConfiguration;
			baseConfigurationReference = 7727F2A79606462E91A7DAA6 /* Pods.xcconfig */;
			buildSettings = {
				ASSETCATALOG_COMPILER_APPICON_NAME = AppIcon;
				ASSETCATALOG_COMPILER_LAUNCHIMAGE_NAME = LaunchImage;
				GCC_PRECOMPILE_PREFIX_HEADER = YES;
				GCC_PREFIX_HEADER = "Healthy/Healthy-Prefix.pch";
				INFOPLIST_FILE = "Healthy/Healthy-Info.plist";
				IPHONEOS_DEPLOYMENT_TARGET = 6.0;
				PRODUCT_NAME = "$(TARGET_NAME)";
				WRAPPER_EXTENSION = app;
			};
			name = Release;
		};
		38E64E3F1833282B00950AC2 /* Debug */ = {
			isa = XCBuildConfiguration;
			buildSettings = {
				ARCHS = "$(ARCHS_STANDARD_INCLUDING_64_BIT)";
				BUNDLE_LOADER = "$(BUILT_PRODUCTS_DIR)/Healthy.app/Healthy";
				FRAMEWORK_SEARCH_PATHS = (
					"$(SDKROOT)/Developer/Library/Frameworks",
					"$(inherited)",
					"$(DEVELOPER_FRAMEWORKS_DIR)",
				);
				GCC_PRECOMPILE_PREFIX_HEADER = YES;
				GCC_PREFIX_HEADER = "Healthy/Healthy-Prefix.pch";
				GCC_PREPROCESSOR_DEFINITIONS = (
					"DEBUG=1",
					"$(inherited)",
				);
				INFOPLIST_FILE = "HealthyTests/HealthyTests-Info.plist";
				PRODUCT_NAME = "$(TARGET_NAME)";
				TEST_HOST = "$(BUNDLE_LOADER)";
				WRAPPER_EXTENSION = xctest;
			};
			name = Debug;
		};
		38E64E401833282B00950AC2 /* Release */ = {
			isa = XCBuildConfiguration;
			buildSettings = {
				ARCHS = "$(ARCHS_STANDARD_INCLUDING_64_BIT)";
				BUNDLE_LOADER = "$(BUILT_PRODUCTS_DIR)/Healthy.app/Healthy";
				FRAMEWORK_SEARCH_PATHS = (
					"$(SDKROOT)/Developer/Library/Frameworks",
					"$(inherited)",
					"$(DEVELOPER_FRAMEWORKS_DIR)",
				);
				GCC_PRECOMPILE_PREFIX_HEADER = YES;
				GCC_PREFIX_HEADER = "Healthy/Healthy-Prefix.pch";
				INFOPLIST_FILE = "HealthyTests/HealthyTests-Info.plist";
				PRODUCT_NAME = "$(TARGET_NAME)";
				TEST_HOST = "$(BUNDLE_LOADER)";
				WRAPPER_EXTENSION = xctest;
			};
			name = Release;
		};
/* End XCBuildConfiguration section */

/* Begin XCConfigurationList section */
		38E64E041833282B00950AC2 /* Build configuration list for PBXProject "Healthy" */ = {
			isa = XCConfigurationList;
			buildConfigurations = (
				38E64E391833282B00950AC2 /* Debug */,
				38E64E3A1833282B00950AC2 /* Release */,
			);
			defaultConfigurationIsVisible = 0;
			defaultConfigurationName = Release;
		};
		38E64E3B1833282B00950AC2 /* Build configuration list for PBXNativeTarget "Healthy" */ = {
			isa = XCConfigurationList;
			buildConfigurations = (
				38E64E3C1833282B00950AC2 /* Debug */,
				38E64E3D1833282B00950AC2 /* Release */,
			);
			defaultConfigurationIsVisible = 0;
			defaultConfigurationName = Release;
		};
		38E64E3E1833282B00950AC2 /* Build configuration list for PBXNativeTarget "HealthyTests" */ = {
			isa = XCConfigurationList;
			buildConfigurations = (
				38E64E3F1833282B00950AC2 /* Debug */,
				38E64E401833282B00950AC2 /* Release */,
			);
			defaultConfigurationIsVisible = 0;
			defaultConfigurationName = Release;
		};
/* End XCConfigurationList section */

/* Begin XCVersionGroup section */
		38E64E201833282B00950AC2 /* Healthy.xcdatamodeld */ = {
			isa = XCVersionGroup;
			children = (
				38E64E211833282B00950AC2 /* Healthy.xcdatamodel */,
			);
			currentVersion = 38E64E211833282B00950AC2 /* Healthy.xcdatamodel */;
			path = Healthy.xcdatamodeld;
			sourceTree = "<group>";
			versionGroupType = wrapper.xcdatamodel;
		};
/* End XCVersionGroup section */
	};
	rootObject = 38E64E011833282B00950AC2 /* Project object */;
}
