PODS:
  - FontAwesomeKit (2.1.0):
    - FontAwesomeKit/Core
    - FontAwesomeKit/FontAwesome
    - FontAwesomeKit/FoundationIcons
    - FontAwesomeKit/IonIcons
    - FontAwesomeKit/Zocial
  - FontAwesomeKit/Core (2.1.0)
  - FontAwesomeKit/FontAwesome (2.1.0):
    - FontAwesomeKit/Core
  - FontAwesomeKit/FoundationIcons (2.1.0):
    - FontAwesomeKit/Core
  - FontAwesomeKit/IonIcons (2.1.0):
    - FontAwesomeKit/Core
  - FontAwesomeKit/Zocial (2.1.0):
    - FontAwesomeKit/Core

DEPENDENCIES:
  - FontAwesomeKit (~> 2.1.0)

SPEC CHECKSUMS:
  FontAwesomeKit: 1f565351c11b7e6ca13486b6bd2f0f106f16e810

COCOAPODS: 0.27.1
